{
  "name": "gaugeJS",
  "version": "1.3.6",
  "lockfileVersion": 3,
  "requires": true,
  "packages": {
    "": {
      "name": "gaugeJS",
      "version": "1.3.6",
      "license": "MIT",
      "dependencies": {
        "gaugeJS": "file:"
      }
    },
    "node_modules/gaugeJS": {
      "resolved": "",
      "link": true
    }
  }
}
